
Microsoft Visual Studio Solution File, Format Version 12.00
# Visual Studio Version 16
Project("{2150E333-8FDC-42A3-9474-1A3956D46DE8}") = "CMakePredefinedTargets", "CMakePredefinedTargets", "{C8C04769-2549-3677-A986-8F03679814A1}"
EndProject
Project("{8BC9CEB8-8B4A-11D0-8D11-00A0C91BC942}") = "CSC8503", "CSC8503\CSC8503.vcxproj", "{81609236-8498-32EA-81BF-6B5B68051A0B}"
	ProjectSection(ProjectDependencies) = postProject
		{1CBAAFB3-61D1-36A7-A0E7-A9886AC78EEF} = {1CBAAFB3-61D1-36A7-A0E7-A9886AC78EEF}
		{B98A89A9-F148-3CC6-BA79-F40F58F868A0} = {B98A89A9-F148-3CC6-BA79-F40F58F868A0}
		{78302E4D-3EF9-338B-8D39-6F036100CD22} = {78302E4D-3EF9-338B-8D39-6F036100CD22}
		{05E8F7C6-BE4D-3F10-B63E-9AB3C7A9DF6A} = {05E8F7C6-BE4D-3F10-B63E-9AB3C7A9DF6A}
	EndProjectSection
EndProject
Project("{8BC9CEB8-8B4A-11D0-8D11-00A0C91BC942}") = "ALL_BUILD", "ALL_BUILD.vcxproj", "{78330EFD-0521-339F-98AF-0D5FE7D615BD}"
	ProjectSection(ProjectDependencies) = postProject
		{81609236-8498-32EA-81BF-6B5B68051A0B} = {81609236-8498-32EA-81BF-6B5B68051A0B}
		{1CBAAFB3-61D1-36A7-A0E7-A9886AC78EEF} = {1CBAAFB3-61D1-36A7-A0E7-A9886AC78EEF}
		{B98A89A9-F148-3CC6-BA79-F40F58F868A0} = {B98A89A9-F148-3CC6-BA79-F40F58F868A0}
		{78302E4D-3EF9-338B-8D39-6F036100CD22} = {78302E4D-3EF9-338B-8D39-6F036100CD22}
		{05E8F7C6-BE4D-3F10-B63E-9AB3C7A9DF6A} = {05E8F7C6-BE4D-3F10-B63E-9AB3C7A9DF6A}
	EndProjectSection
EndProject
Project("{8BC9CEB8-8B4A-11D0-8D11-00A0C91BC942}") = "CSC8503CoreClasses", "CSC8503CoreClasses\CSC8503CoreClasses.vcxproj", "{1CBAAFB3-61D1-36A7-A0E7-A9886AC78EEF}"
	ProjectSection(ProjectDependencies) = postProject
		{05E8F7C6-BE4D-3F10-B63E-9AB3C7A9DF6A} = {05E8F7C6-BE4D-3F10-B63E-9AB3C7A9DF6A}
	EndProjectSection
EndProject
Project("{8BC9CEB8-8B4A-11D0-8D11-00A0C91BC942}") = "NCLCoreClasses", "NCLCoreClasses\NCLCoreClasses.vcxproj", "{B98A89A9-F148-3CC6-BA79-F40F58F868A0}"
	ProjectSection(ProjectDependencies) = postProject
		{05E8F7C6-BE4D-3F10-B63E-9AB3C7A9DF6A} = {05E8F7C6-BE4D-3F10-B63E-9AB3C7A9DF6A}
	EndProjectSection
EndProject
Project("{8BC9CEB8-8B4A-11D0-8D11-00A0C91BC942}") = "OpenGLRendering", "OpenGLRendering\OpenGLRendering.vcxproj", "{78302E4D-3EF9-338B-8D39-6F036100CD22}"
	ProjectSection(ProjectDependencies) = postProject
		{B98A89A9-F148-3CC6-BA79-F40F58F868A0} = {B98A89A9-F148-3CC6-BA79-F40F58F868A0}
		{05E8F7C6-BE4D-3F10-B63E-9AB3C7A9DF6A} = {05E8F7C6-BE4D-3F10-B63E-9AB3C7A9DF6A}
	EndProjectSection
EndProject
Project("{8BC9CEB8-8B4A-11D0-8D11-00A0C91BC942}") = "ZERO_CHECK", "ZERO_CHECK.vcxproj", "{05E8F7C6-BE4D-3F10-B63E-9AB3C7A9DF6A}"
	ProjectSection(ProjectDependencies) = postProject
	EndProjectSection
EndProject
Global
	GlobalSection(SolutionConfigurationPlatforms) = preSolution
		Debug|x64 = Debug|x64
		Release|x64 = Release|x64
	EndGlobalSection
	GlobalSection(ProjectConfigurationPlatforms) = postSolution
		{81609236-8498-32EA-81BF-6B5B68051A0B}.Debug|x64.ActiveCfg = Debug|x64
		{81609236-8498-32EA-81BF-6B5B68051A0B}.Debug|x64.Build.0 = Debug|x64
		{81609236-8498-32EA-81BF-6B5B68051A0B}.Release|x64.ActiveCfg = Release|x64
		{81609236-8498-32EA-81BF-6B5B68051A0B}.Release|x64.Build.0 = Release|x64
		{78330EFD-0521-339F-98AF-0D5FE7D615BD}.Debug|x64.ActiveCfg = Debug|x64
		{78330EFD-0521-339F-98AF-0D5FE7D615BD}.Release|x64.ActiveCfg = Release|x64
		{1CBAAFB3-61D1-36A7-A0E7-A9886AC78EEF}.Debug|x64.ActiveCfg = Debug|x64
		{1CBAAFB3-61D1-36A7-A0E7-A9886AC78EEF}.Debug|x64.Build.0 = Debug|x64
		{1CBAAFB3-61D1-36A7-A0E7-A9886AC78EEF}.Release|x64.ActiveCfg = Release|x64
		{1CBAAFB3-61D1-36A7-A0E7-A9886AC78EEF}.Release|x64.Build.0 = Release|x64
		{B98A89A9-F148-3CC6-BA79-F40F58F868A0}.Debug|x64.ActiveCfg = Debug|x64
		{B98A89A9-F148-3CC6-BA79-F40F58F868A0}.Debug|x64.Build.0 = Debug|x64
		{B98A89A9-F148-3CC6-BA79-F40F58F868A0}.Release|x64.ActiveCfg = Release|x64
		{B98A89A9-F148-3CC6-BA79-F40F58F868A0}.Release|x64.Build.0 = Release|x64
		{78302E4D-3EF9-338B-8D39-6F036100CD22}.Debug|x64.ActiveCfg = Debug|x64
		{78302E4D-3EF9-338B-8D39-6F036100CD22}.Debug|x64.Build.0 = Debug|x64
		{78302E4D-3EF9-338B-8D39-6F036100CD22}.Release|x64.ActiveCfg = Release|x64
		{78302E4D-3EF9-338B-8D39-6F036100CD22}.Release|x64.Build.0 = Release|x64
		{05E8F7C6-BE4D-3F10-B63E-9AB3C7A9DF6A}.Debug|x64.ActiveCfg = Debug|x64
		{05E8F7C6-BE4D-3F10-B63E-9AB3C7A9DF6A}.Debug|x64.Build.0 = Debug|x64
		{05E8F7C6-BE4D-3F10-B63E-9AB3C7A9DF6A}.Release|x64.ActiveCfg = Release|x64
		{05E8F7C6-BE4D-3F10-B63E-9AB3C7A9DF6A}.Release|x64.Build.0 = Release|x64
	EndGlobalSection
	GlobalSection(NestedProjects) = preSolution
		{78330EFD-0521-339F-98AF-0D5FE7D615BD} = {C8C04769-2549-3677-A986-8F03679814A1}
		{05E8F7C6-BE4D-3F10-B63E-9AB3C7A9DF6A} = {C8C04769-2549-3677-A986-8F03679814A1}
	EndGlobalSection
	GlobalSection(ExtensibilityGlobals) = postSolution
		SolutionGuid = {8EE8A772-EB60-3519-AE52-70BB0BE75CE7}
	EndGlobalSection
	GlobalSection(ExtensibilityAddIns) = postSolution
	EndGlobalSection
EndGlobal
