<?xml version="1.0" encoding="utf-8"?>
<Project ToolsVersion="17.0" xmlns="http://schemas.microsoft.com/developer/msbuild/2003">
  <ItemGroup>
    <CustomBuild Include="C:\Users\c2069089\Desktop\CSC8503 2023\CMakeFiles\85ada2aa868f38825e6e2db9b5f854ab\generate.stamp.rule">
      <Filter>CMake Rules</Filter>
    </CustomBuild>
  </ItemGroup>
  <ItemGroup>
    <Filter Include="CMake Rules">
      <UniqueIdentifier>{BADFB11D-2D62-3C78-AB67-68C253D0147E}</UniqueIdentifier>
    </Filter>
  </ItemGroup>
</Project>
