<?xml version="1.0" encoding="utf-8"?>
<Project ToolsVersion="17.0" xmlns="http://schemas.microsoft.com/developer/msbuild/2003">
  <ItemGroup>
    <ClCompile Include="C:\Users\c2069089\Desktop\CSC8503 2023\OpenGLRendering\CMakeFiles\OpenGLRendering.dir\cmake_pch.cxx">
      <Filter>Source Files</Filter>
    </ClCompile>
    <ClCompile Include="C:\Users\c2069089\Desktop\CSC8503 2023\OpenGLRendering\OGLTexture.h">
      <Filter>Header Files</Filter>
    </ClCompile>
    <ClCompile Include="C:\Users\c2069089\Desktop\CSC8503 2023\OpenGLRendering\OGLShader.h">
      <Filter>Header Files</Filter>
    </ClCompile>
    <ClCompile Include="C:\Users\c2069089\Desktop\CSC8503 2023\OpenGLRendering\OGLRenderer.h">
      <Filter>Header Files</Filter>
    </ClCompile>
    <ClCompile Include="C:\Users\c2069089\Desktop\CSC8503 2023\OpenGLRendering\OGLMesh.h">
      <Filter>Header Files</Filter>
    </ClCompile>
    <ClCompile Include="C:\Users\c2069089\Desktop\CSC8503 2023\OpenGLRendering\OGLComputeShader.h">
      <Filter>Header Files</Filter>
    </ClCompile>
    <ClCompile Include="C:\Users\c2069089\Desktop\CSC8503 2023\OpenGLRendering\OGLTexture.cpp">
      <Filter>Source Files</Filter>
    </ClCompile>
    <ClCompile Include="C:\Users\c2069089\Desktop\CSC8503 2023\OpenGLRendering\OGLShader.cpp">
      <Filter>Source Files</Filter>
    </ClCompile>
    <ClCompile Include="C:\Users\c2069089\Desktop\CSC8503 2023\OpenGLRendering\OGLRenderer.cpp">
      <Filter>Source Files</Filter>
    </ClCompile>
    <ClCompile Include="C:\Users\c2069089\Desktop\CSC8503 2023\OpenGLRendering\OGLMesh.cpp">
      <Filter>Source Files</Filter>
    </ClCompile>
    <ClCompile Include="C:\Users\c2069089\Desktop\CSC8503 2023\OpenGLRendering\OGLComputeShader.cpp">
      <Filter>Source Files</Filter>
    </ClCompile>
    <ClCompile Include="C:\Users\c2069089\Desktop\CSC8503 2023\OpenGLRendering\glad\gl.h">
      <Filter>GLAD</Filter>
    </ClCompile>
    <ClCompile Include="C:\Users\c2069089\Desktop\CSC8503 2023\OpenGLRendering\glad\gl.c">
      <Filter>GLAD</Filter>
    </ClCompile>
  </ItemGroup>
  <ItemGroup>
    <ClInclude Include="C:\Users\c2069089\Desktop\CSC8503 2023\OpenGLRendering\CMakeFiles\OpenGLRendering.dir\Debug\cmake_pch.hxx">
      <Filter>Precompile Header File</Filter>
    </ClInclude>
    <ClInclude Include="C:\Users\c2069089\Desktop\CSC8503 2023\OpenGLRendering\CMakeFiles\OpenGLRendering.dir\Release\cmake_pch.hxx">
      <Filter>Precompile Header File</Filter>
    </ClInclude>
  </ItemGroup>
  <ItemGroup>
    <CustomBuild Include="C:\Users\c2069089\Desktop\CSC8503 2023\OpenGLRendering\CMakeLists.txt" />
  </ItemGroup>
  <ItemGroup>
    <Filter Include="GLAD">
      <UniqueIdentifier>{23488075-D83E-3BC1-82D7-7B03CCFEBAFA}</UniqueIdentifier>
    </Filter>
    <Filter Include="Header Files">
      <UniqueIdentifier>{28C267EF-8E51-335A-91FB-1BA771EB7A3E}</UniqueIdentifier>
    </Filter>
    <Filter Include="Precompile Header File">
      <UniqueIdentifier>{C457A110-1784-342C-9A17-F6F89DD7F4A5}</UniqueIdentifier>
    </Filter>
    <Filter Include="Source Files">
      <UniqueIdentifier>{AFB5C0E2-CB81-365B-A7C4-561F78B76109}</UniqueIdentifier>
    </Filter>
  </ItemGroup>
</Project>
