<?xml version="1.0" encoding="utf-8"?>
<Project ToolsVersion="16.0" xmlns="http://schemas.microsoft.com/developer/msbuild/2003">
  <ItemGroup>
    <ClCompile Include="C:\Users\84251\Desktop\C++\GameTechnologies\OpenGLRendering\CMakeFiles\OpenGLRendering.dir\cmake_pch.cxx">
      <Filter>Source Files</Filter>
    </ClCompile>
    <ClCompile Include="C:\Users\84251\Desktop\C++\GameTechnologies\OpenGLRendering\OGLTexture.h">
      <Filter>Header Files</Filter>
    </ClCompile>
    <ClCompile Include="C:\Users\84251\Desktop\C++\GameTechnologies\OpenGLRendering\OGLShader.h">
      <Filter>Header Files</Filter>
    </ClCompile>
    <ClCompile Include="C:\Users\84251\Desktop\C++\GameTechnologies\OpenGLRendering\OGLRenderer.h">
      <Filter>Header Files</Filter>
    </ClCompile>
    <ClCompile Include="C:\Users\84251\Desktop\C++\GameTechnologies\OpenGLRendering\OGLMesh.h">
      <Filter>Header Files</Filter>
    </ClCompile>
    <ClCompile Include="C:\Users\84251\Desktop\C++\GameTechnologies\OpenGLRendering\OGLComputeShader.h">
      <Filter>Header Files</Filter>
    </ClCompile>
    <ClCompile Include="C:\Users\84251\Desktop\C++\GameTechnologies\OpenGLRendering\OGLTexture.cpp">
      <Filter>Source Files</Filter>
    </ClCompile>
    <ClCompile Include="C:\Users\84251\Desktop\C++\GameTechnologies\OpenGLRendering\OGLShader.cpp">
      <Filter>Source Files</Filter>
    </ClCompile>
    <ClCompile Include="C:\Users\84251\Desktop\C++\GameTechnologies\OpenGLRendering\OGLRenderer.cpp">
      <Filter>Source Files</Filter>
    </ClCompile>
    <ClCompile Include="C:\Users\84251\Desktop\C++\GameTechnologies\OpenGLRendering\OGLMesh.cpp">
      <Filter>Source Files</Filter>
    </ClCompile>
    <ClCompile Include="C:\Users\84251\Desktop\C++\GameTechnologies\OpenGLRendering\OGLComputeShader.cpp">
      <Filter>Source Files</Filter>
    </ClCompile>
    <ClCompile Include="C:\Users\84251\Desktop\C++\GameTechnologies\OpenGLRendering\glad\gl.h">
      <Filter>GLAD</Filter>
    </ClCompile>
    <ClCompile Include="C:\Users\84251\Desktop\C++\GameTechnologies\OpenGLRendering\glad\gl.c">
      <Filter>GLAD</Filter>
    </ClCompile>
  </ItemGroup>
  <ItemGroup>
    <ClInclude Include="C:\Users\84251\Desktop\C++\GameTechnologies\OpenGLRendering\CMakeFiles\OpenGLRendering.dir\Debug\cmake_pch.hxx">
      <Filter>Precompile Header File</Filter>
    </ClInclude>
    <ClInclude Include="C:\Users\84251\Desktop\C++\GameTechnologies\OpenGLRendering\CMakeFiles\OpenGLRendering.dir\Release\cmake_pch.hxx">
      <Filter>Precompile Header File</Filter>
    </ClInclude>
  </ItemGroup>
  <ItemGroup>
    <CustomBuild Include="C:\Users\84251\Desktop\C++\GameTechnologies\OpenGLRendering\CMakeLists.txt" />
  </ItemGroup>
  <ItemGroup>
    <Filter Include="GLAD">
      <UniqueIdentifier>{820608E2-F48C-3F18-9B16-58A965AF3C27}</UniqueIdentifier>
    </Filter>
    <Filter Include="Header Files">
      <UniqueIdentifier>{3178A9E7-E9A7-35D3-97FC-D5BF31C7390B}</UniqueIdentifier>
    </Filter>
    <Filter Include="Precompile Header File">
      <UniqueIdentifier>{9D91A99C-E8E1-390F-B6BD-821780D46F67}</UniqueIdentifier>
    </Filter>
    <Filter Include="Source Files">
      <UniqueIdentifier>{B46CC580-0BAD-3EC5-8336-0795B7CC021A}</UniqueIdentifier>
    </Filter>
  </ItemGroup>
</Project>
